<?xml version="1.0" encoding="utf-8"?>
<Project ToolsVersion="4.0" xmlns="http://schemas.microsoft.com/developer/msbuild/2003">
  <ItemGroup>
    <Filter Include="Kaynak Dosyalar">
      <UniqueIdentifier>{4FC737F1-C7A5-4376-A066-2A32D752A2FF}</UniqueIdentifier>
      <Extensions>cpp;c;cc;cxx;c++;cppm;ixx;def;odl;idl;hpj;bat;asm;asmx</Extensions>
    </Filter>
    <Filter Include="Üst Bilgi Dosyaları">
      <UniqueIdentifier>{93995380-89BD-4b04-88EB-625FBE52EBFB}</UniqueIdentifier>
      <Extensions>h;hh;hpp;hxx;h++;hm;inl;inc;ipp;xsd</Extensions>
    </Filter>
    <Filter Include="Kaynak Dosyaları">
      <UniqueIdentifier>{67DA6AB6-F800-4c08-8B7A-83BB121AAD01}</UniqueIdentifier>
      <Extensions>rc;ico;cur;bmp;dlg;rc2;rct;bin;rgs;gif;jpg;jpeg;jpe;resx;tiff;tif;png;wav;mfcribbon-ms</Extensions>
    </Filter>
    <Filter Include="Kaynak Dosyalar\Managers">
      <UniqueIdentifier>{69b08d33-3921-427b-bda2-291524a55ef2}</UniqueIdentifier>
    </Filter>
    <Filter Include="Üst Bilgi Dosyaları\Managers">
      <UniqueIdentifier>{780d673f-5ac7-41a0-b2e9-4e3c11ce3240}</UniqueIdentifier>
    </Filter>
    <Filter Include="Kaynak Dosyalar\Special Classes">
      <UniqueIdentifier>{6c9feb24-c6d6-41fb-a280-4d42c1e8f17e}</UniqueIdentifier>
    </Filter>
    <Filter Include="Üst Bilgi Dosyaları\Special Classes">
      <UniqueIdentifier>{7e8ba80c-9429-4201-8a5f-4976b4318a2b}</UniqueIdentifier>
    </Filter>
    <Filter Include="Kaynak Dosyalar\Entity Classes">
      <UniqueIdentifier>{2c87fb83-2696-4648-b1e6-7ff4e9a4aa83}</UniqueIdentifier>
    </Filter>
    <Filter Include="Üst Bilgi Dosyaları\Entity Classes">
      <UniqueIdentifier>{94a6008f-6ecd-4f75-bf73-e9dc09830227}</UniqueIdentifier>
    </Filter>
  </ItemGroup>
  <ItemGroup>
    <ClCompile Include="main.cpp">
      <Filter>Kaynak Dosyalar</Filter>
    </ClCompile>
    <ClCompile Include="InputManager.cpp">
      <Filter>Kaynak Dosyalar\Managers</Filter>
    </ClCompile>
    <ClCompile Include="nWindow.cpp">
      <Filter>Kaynak Dosyalar\Special Classes</Filter>
    </ClCompile>
    <ClCompile Include="nTexture.cpp">
      <Filter>Kaynak Dosyalar\Special Classes</Filter>
    </ClCompile>
    <ClCompile Include="nEntity.cpp">
      <Filter>Kaynak Dosyalar\Special Classes</Filter>
    </ClCompile>
    <ClCompile Include="TimeManager.cpp">
      <Filter>Kaynak Dosyalar\Managers</Filter>
    </ClCompile>
    <ClCompile Include="Player.cpp">
      <Filter>Kaynak Dosyalar\Entity Classes</Filter>
    </ClCompile>
    <ClCompile Include="EntityManager.cpp">
      <Filter>Kaynak Dosyalar\Managers</Filter>
    </ClCompile>
  </ItemGroup>
  <ItemGroup>
    <ClInclude Include="InputManager.h">
      <Filter>Üst Bilgi Dosyaları\Managers</Filter>
    </ClInclude>
    <ClInclude Include="nWindow.h">
      <Filter>Üst Bilgi Dosyaları\Special Classes</Filter>
    </ClInclude>
    <ClInclude Include="nTexture.h">
      <Filter>Üst Bilgi Dosyaları\Special Classes</Filter>
    </ClInclude>
    <ClInclude Include="nEntity.h">
      <Filter>Üst Bilgi Dosyaları\Special Classes</Filter>
    </ClInclude>
    <ClInclude Include="TimeManager.h">
      <Filter>Üst Bilgi Dosyaları\Managers</Filter>
    </ClInclude>
    <ClInclude Include="Player.h">
      <Filter>Üst Bilgi Dosyaları\Entity Classes</Filter>
    </ClInclude>
    <ClInclude Include="EntityManager.h">
      <Filter>Üst Bilgi Dosyaları\Managers</Filter>
    </ClInclude>
  </ItemGroup>
</Project>